github.com/gethinode/hinode v0.24.12 h1:NMH9IeGlpRN/NWtJdHn4Fb3DKp2kkllO0/fEn3XB8Ps=
github.com/gethinode/hinode v0.24.12/go.mod h1:4PU3rfC+OhaO7rwg21RHwNWZS3gBO5nK5Xf1tFhvs84=
github.com/gethinode/hinode v0.25.1 h1:sxHnKmvsGhEmzVn3VVADS0G982hFN/V1BjyGaNmCdaI=
github.com/gethinode/hinode v0.25.1/go.mod h1:QAky2N8UYmMzALmCCa9hilOyNB9WXZlk2ci+YfFVFZI=
