github.com/gethinode/hinode v0.24.7 h1:VmyxmFKMhDJi89tJwBaVoYROesOcQIBXO4MwwzZhk64=
github.com/gethinode/hinode v0.24.7/go.mod h1:KrrAThOot1JhkeqKnczJalVgbIkskS+ap/e65XP11iI=
github.com/gethinode/hinode v0.24.8 h1:SWBswHmwtBxgBvh5Sk3diS6TPXGt8LyAOv4sgmutUK4=
github.com/gethinode/hinode v0.24.8/go.mod h1:FFYzUxTGPGNJKHycxNe9i0Y53p/sdg0NIpSY7Ih2PKE=
