github.com/gethinode/hinode v0.27.23 h1:iwpX0uOhCfxHwyc42xG20kdRU4zOyptkTZCBnsLboWc=
github.com/gethinode/hinode v0.27.23/go.mod h1:ttSWx852Qo41ZLx8g8DQNwd/Q3nIca1Uxvs1D1/hd8M=
github.com/gethinode/hinode v0.27.24 h1:zygsjNLR1D1yiyX6hqfUuMJ6GDAQJMxP2rzJr1eKhRA=
github.com/gethinode/hinode v0.27.24/go.mod h1:1s9OpcLdI2uz3A+NZeaRHAdS8usCjPXLNNeNsnrtrb0=
